{
  "name": "crypto-currency",
  "version": "1.0.0",
  "lockfileVersion": 1,
  "requires": true,
  "dependencies": {
    "bootstrap": {
      "version": "5.1.3",
      "resolved": "https://registry.npmjs.org/bootstrap/-/bootstrap-5.1.3.tgz",
      "integrity": "sha512-fcQztozJ8jToQWXxVuEyXWW+dSo8AiXWKwiSSrKWsRB/Qt+Ewwza+JWoLKiTuQLaEPhdNAJ7+Dosc9DOIqNy7Q=="
    },
    "sweetalert2": {
      "version": "11.2.1",
      "resolved": "https://registry.npmjs.org/sweetalert2/-/sweetalert2-11.2.1.tgz",
      "integrity": "sha512-6O+Ftl3yCg58pUqMiEn58+p7bQd7h7YrAM1diSaTJcRPO23bcfVd2DI2hW3246XVlTgL+EauV76va6VN5LrfIw=="
    }
  }
}
